
Microsoft Visual Studio Solution File, Format Version 12.00
# Visual Studio Version 17
VisualStudioVersion = 17.10.35013.160
MinimumVisualStudioVersion = 10.0.40219.1
Project("{FAE04EC0-301F-11D3-BF4B-00C04F79EFBC}") = "PLCSimulator", "PLCSimulator\PLCSimulator.csproj", "{91CF6944-57F5-44A2-9C9D-ABBC2E72E87F}"
EndProject
Global
	GlobalSection(SolutionConfigurationPlatforms) = preSolution
		Debug|Any CPU = Debug|Any CPU
		Release|Any CPU = Release|Any CPU
	EndGlobalSection
	GlobalSection(ProjectConfigurationPlatforms) = postSolution
		{91CF6944-57F5-44A2-9C9D-ABBC2E72E87F}.Debug|Any CPU.ActiveCfg = Debug|Any CPU
		{91CF6944-57F5-44A2-9C9D-ABBC2E72E87F}.Debug|Any CPU.Build.0 = Debug|Any CPU
		{91CF6944-57F5-44A2-9C9D-ABBC2E72E87F}.Release|Any CPU.ActiveCfg = Release|Any CPU
		{91CF6944-57F5-44A2-9C9D-ABBC2E72E87F}.Release|Any CPU.Build.0 = Release|Any CPU
	EndGlobalSection
	GlobalSection(SolutionProperties) = preSolution
		HideSolutionNode = FALSE
	EndGlobalSection
	GlobalSection(ExtensibilityGlobals) = postSolution
		SolutionGuid = {48E54A6C-AE5F-44C8-BED5-A774F510BEAC}
	EndGlobalSection
EndGlobal
